
Microsoft Visual Studio Solution File, Format Version 12.00
# Visual Studio Version 17
VisualStudioVersion = 17.14.36401.2 d17.14
MinimumVisualStudioVersion = 10.0.40219.1
Project("{FAE04EC0-301F-11D3-BF4B-00C04F79EFBC}") = "MindGame-BE", "MindGame-BE\MindGame-BE.csproj", "{B06562EF-E076-414D-A680-5E31511FE430}"
EndProject
Global
	GlobalSection(SolutionConfigurationPlatforms) = preSolution
		Debug|Any CPU = Debug|Any CPU
		Release|Any CPU = Release|Any CPU
	EndGlobalSection
	GlobalSection(ProjectConfigurationPlatforms) = postSolution
		{B06562EF-E076-414D-A680-5E31511FE430}.Debug|Any CPU.ActiveCfg = Debug|Any CPU
		{B06562EF-E076-414D-A680-5E31511FE430}.Debug|Any CPU.Build.0 = Debug|Any CPU
		{B06562EF-E076-414D-A680-5E31511FE430}.Release|Any CPU.ActiveCfg = Release|Any CPU
		{B06562EF-E076-414D-A680-5E31511FE430}.Release|Any CPU.Build.0 = Release|Any CPU
	EndGlobalSection
	GlobalSection(SolutionProperties) = preSolution
		HideSolutionNode = FALSE
	EndGlobalSection
	GlobalSection(ExtensibilityGlobals) = postSolution
		SolutionGuid = {FDB23066-04D2-460F-ABC0-770B83918E78}
	EndGlobalSection
EndGlobal
