
Microsoft Visual Studio Solution File, Format Version 12.00
# Visual Studio Version 17
VisualStudioVersion = 17.14.36401.2
MinimumVisualStudioVersion = 10.0.40219.1
Project("{FAE04EC0-301F-11D3-BF4B-00C04F79EFBC}") = "MindGames", "MindGames\MindGames.csproj", "{F9F2B72A-47B2-4391-BDA6-706A7601341F}"
EndProject
Global
	GlobalSection(SolutionConfigurationPlatforms) = preSolution
		Debug|Any CPU = Debug|Any CPU
		Release|Any CPU = Release|Any CPU
	EndGlobalSection
	GlobalSection(ProjectConfigurationPlatforms) = postSolution
		{F9F2B72A-47B2-4391-BDA6-706A7601341F}.Debug|Any CPU.ActiveCfg = Debug|Any CPU
		{F9F2B72A-47B2-4391-BDA6-706A7601341F}.Debug|Any CPU.Build.0 = Debug|Any CPU
		{F9F2B72A-47B2-4391-BDA6-706A7601341F}.Release|Any CPU.ActiveCfg = Release|Any CPU
		{F9F2B72A-47B2-4391-BDA6-706A7601341F}.Release|Any CPU.Build.0 = Release|Any CPU
	EndGlobalSection
	GlobalSection(SolutionProperties) = preSolution
		HideSolutionNode = FALSE
	EndGlobalSection
	GlobalSection(ExtensibilityGlobals) = postSolution
		SolutionGuid = {A2A1DB74-2EAA-4DBE-9E3D-D5234080E348}
	EndGlobalSection
EndGlobal
